{
  "originHash" : "94e4566ca9c3564435433f81d72c3dafc6d6a3c2390f2a944c9e3c9506a522a9",
  "pins" : [
    {
      "identity" : "apollo-ios-codegen",
      "kind" : "remoteSourceControl",
      "location" : "https://github.com/apollographql/apollo-ios-codegen.git",
      "state" : {
        "revision" : "8b8ff5a98e94641d5303576d19676471f2e7a320",
        "version" : "1.18.0"
      }
    },
    {
      "identity" : "inflectorkit",
      "kind" : "remoteSourceControl",
      "location" : "https://github.com/mattt/InflectorKit",
      "state" : {
        "revision" : "d8cbcc04972690aaa5fc760a2b9ddb3e9f0decd7",
        "version" : "1.0.0"
      }
    },
    {
      "identity" : "swift-argument-parser",
      "kind" : "remoteSourceControl",
      "location" : "https://github.com/apple/swift-argument-parser.git",
      "state" : {
        "revision" : "41982a3656a71c768319979febd796c6fd111d5c",
        "version" : "1.5.0"
      }
    },
    {
      "identity" : "swift-collections",
      "kind" : "remoteSourceControl",
      "location" : "https://github.com/apple/swift-collections",
      "state" : {
        "revision" : "671108c96644956dddcd89dd59c203dcdb36cec7",
        "version" : "1.1.4"
      }
    }
  ],
  "version" : 3
}
